
Microsoft Visual Studio Solution File, Format Version 12.00
# Visual Studio Version 16
VisualStudioVersion = 16.0.32126.315
MinimumVisualStudioVersion = 10.0.40219.1
Project("{FAE04EC0-301F-11D3-BF4B-00C04F79EFBC}") = "Observer", "Observer\Observer.csproj", "{F555CE4B-46FA-49B1-BAE6-ECE17DD1C97E}"
EndProject
Global
	GlobalSection(SolutionConfigurationPlatforms) = preSolution
		Debug|Any CPU = Debug|Any CPU
		Release|Any CPU = Release|Any CPU
	EndGlobalSection
	GlobalSection(ProjectConfigurationPlatforms) = postSolution
		{F555CE4B-46FA-49B1-BAE6-ECE17DD1C97E}.Debug|Any CPU.ActiveCfg = Debug|Any CPU
		{F555CE4B-46FA-49B1-BAE6-ECE17DD1C97E}.Debug|Any CPU.Build.0 = Debug|Any CPU
		{F555CE4B-46FA-49B1-BAE6-ECE17DD1C97E}.Release|Any CPU.ActiveCfg = Release|Any CPU
		{F555CE4B-46FA-49B1-BAE6-ECE17DD1C97E}.Release|Any CPU.Build.0 = Release|Any CPU
	EndGlobalSection
	GlobalSection(SolutionProperties) = preSolution
		HideSolutionNode = FALSE
	EndGlobalSection
	GlobalSection(ExtensibilityGlobals) = postSolution
		SolutionGuid = {746994A4-B2A7-4E24-A24E-904A4A6D706F}
	EndGlobalSection
EndGlobal
